
Microsoft Visual Studio Solution File, Format Version 12.00
# Visual Studio 15
VisualStudioVersion = 15.0.26730.10
MinimumVisualStudioVersion = 10.0.40219.1
Project("{FAE04EC0-301F-11D3-BF4B-00C04F79EFBC}") = "SideWaffle.Creator", "SideWaffle.Creator\SideWaffle.Creator.csproj", "{771CA0AE-51F7-4420-B392-B396439A9AE6}"
EndProject
Project("{2150E333-8FDC-42A3-9474-1A3956D46DE8}") = "files", "files", "{D87261A3-47EA-4BF7-8CDC-443430452C27}"
	ProjectSection(SolutionItems) = preProject
		templatepack.proj = templatepack.proj
		wafflebuilder.nuspec = wafflebuilder.nuspec
		wafflebuilder.targets = wafflebuilder.targets
	EndProjectSection
EndProject
Project("{FAE04EC0-301F-11D3-BF4B-00C04F79EFBC}") = "SideWaffleTasks", "SideWaffleTasks\SideWaffleTasks.csproj", "{7BF428FE-1774-46AC-B760-5CC540DC5FE7}"
EndProject
Global
	GlobalSection(SolutionConfigurationPlatforms) = preSolution
		Debug|Any CPU = Debug|Any CPU
		Release|Any CPU = Release|Any CPU
	EndGlobalSection
	GlobalSection(ProjectConfigurationPlatforms) = postSolution
		{771CA0AE-51F7-4420-B392-B396439A9AE6}.Debug|Any CPU.ActiveCfg = Debug|Any CPU
		{771CA0AE-51F7-4420-B392-B396439A9AE6}.Debug|Any CPU.Build.0 = Debug|Any CPU
		{771CA0AE-51F7-4420-B392-B396439A9AE6}.Release|Any CPU.ActiveCfg = Release|Any CPU
		{771CA0AE-51F7-4420-B392-B396439A9AE6}.Release|Any CPU.Build.0 = Release|Any CPU
		{7BF428FE-1774-46AC-B760-5CC540DC5FE7}.Debug|Any CPU.ActiveCfg = Debug|Any CPU
		{7BF428FE-1774-46AC-B760-5CC540DC5FE7}.Debug|Any CPU.Build.0 = Debug|Any CPU
		{7BF428FE-1774-46AC-B760-5CC540DC5FE7}.Release|Any CPU.ActiveCfg = Release|Any CPU
		{7BF428FE-1774-46AC-B760-5CC540DC5FE7}.Release|Any CPU.Build.0 = Release|Any CPU
	EndGlobalSection
	GlobalSection(SolutionProperties) = preSolution
		HideSolutionNode = FALSE
	EndGlobalSection
	GlobalSection(ExtensibilityGlobals) = postSolution
		SolutionGuid = {EEC60B7B-0DA2-46EC-91DA-7F255B03DAF8}
	EndGlobalSection
EndGlobal
